github.com/google/uuid v1.4.0 h1:MtMxsa51/r9yyhkyLsVeVt0B+BGQZzpQiTQ4eHZ8bc4=
github.com/google/uuid v1.4.0/go.mod h1:TIyPZe4MgqvfeYDBFedMoGGpEw/LqOeaOT+nhxU+yHo=
github.com/startcodextech/goerrors v0.0.5 h1:oaa2TSVT36RwsD64VVOseOMRRTyFusMQeY9zw8p5lQE=
github.com/startcodextech/goerrors v0.0.5/go.mod h1:czh3FBqkGCU+KzrxXYxpaKbZy5v7VcWaM+43U8BmDDU=
golang.org/x/crypto v0.14.0 h1:wBqGXzWJW6m1XrIKlAH0Hs1JJ7+9KBwnIO8v66Q9cHc=
golang.org/x/crypto v0.14.0/go.mod h1:MVFd36DqK4CsrnJYDkBA3VC4m2GkXAM0PvzMCn4JQf4=
