github.com/google/uuid v1.3.0 h1:t6JiXgmwXMjEs8VusXIJk2BXHsn+wx8BZdTaoZ5fu7I=
github.com/google/uuid v1.3.0/go.mod h1:TIyPZe4MgqvfeYDBFedMoGGpEw/LqOeaOT+nhxU+yHo=
github.com/google/uuid v1.4.0 h1:MtMxsa51/r9yyhkyLsVeVt0B+BGQZzpQiTQ4eHZ8bc4=
github.com/google/uuid v1.4.0/go.mod h1:TIyPZe4MgqvfeYDBFedMoGGpEw/LqOeaOT+nhxU+yHo=
github.com/start-codex/errors v0.0.2 h1:mFoGpY5hr42W3dhvIxih9S/gt6TNVJY9XbvYqrequ/U=
github.com/start-codex/errors v0.0.2/go.mod h1:dEszvqM6nAjnk1IQNbP9tXQxnImjQ7thcmDtJ8DbPF4=
github.com/start-codex/goerrors v0.0.4 h1:xb0gfqPxKo/mIphnejBb4qI4qh226N+lD5DaiEK8WaU=
github.com/start-codex/goerrors v0.0.4/go.mod h1:BOTim6KRGR4az4gYEVIuaEbms1V9Vh21c/PBnCV5K/c=
golang.org/x/crypto v0.7.0 h1:AvwMYaRytfdeVt3u6mLaxYtErKYjxA2OXjJ1HHq6t3A=
golang.org/x/crypto v0.7.0/go.mod h1:pYwdfH91IfpZVANVyUOhSIPZaFoJGxTFbZhFTx+dXZU=
golang.org/x/crypto v0.14.0 h1:wBqGXzWJW6m1XrIKlAH0Hs1JJ7+9KBwnIO8v66Q9cHc=
golang.org/x/crypto v0.14.0/go.mod h1:MVFd36DqK4CsrnJYDkBA3VC4m2GkXAM0PvzMCn4JQf4=
